
Microsoft Visual Studio Solution File, Format Version 12.00
# Visual Studio Version 16
VisualStudioVersion = 16.0.30621.155
MinimumVisualStudioVersion = 10.0.40219.1
Project("{FAE04EC0-301F-11D3-BF4B-00C04F79EFBC}") = "StoreAppConsoleClient", "StoreAppConsoleClient\StoreAppConsoleClient.csproj", "{2F754A9F-36C3-444E-AAB5-0197CE780482}"
EndProject
Global
	GlobalSection(SolutionConfigurationPlatforms) = preSolution
		Debug|Any CPU = Debug|Any CPU
		Release|Any CPU = Release|Any CPU
	EndGlobalSection
	GlobalSection(ProjectConfigurationPlatforms) = postSolution
		{2F754A9F-36C3-444E-AAB5-0197CE780482}.Debug|Any CPU.ActiveCfg = Debug|Any CPU
		{2F754A9F-36C3-444E-AAB5-0197CE780482}.Debug|Any CPU.Build.0 = Debug|Any CPU
		{2F754A9F-36C3-444E-AAB5-0197CE780482}.Release|Any CPU.ActiveCfg = Release|Any CPU
		{2F754A9F-36C3-444E-AAB5-0197CE780482}.Release|Any CPU.Build.0 = Release|Any CPU
	EndGlobalSection
	GlobalSection(SolutionProperties) = preSolution
		HideSolutionNode = FALSE
	EndGlobalSection
	GlobalSection(ExtensibilityGlobals) = postSolution
		SolutionGuid = {915ABF56-6198-47FB-A1D3-6E52DFF01CF2}
	EndGlobalSection
EndGlobal
